
Microsoft Visual Studio Solution File, Format Version 12.00
# Visual Studio Version 17
VisualStudioVersion = 17.12.35728.132
MinimumVisualStudioVersion = 10.0.40219.1
Project("{FAE04EC0-301F-11D3-BF4B-00C04F79EFBC}") = "Cashicart.API", "Cashicart.API\Cashicart.API.csproj", "{AEE923DE-6C87-438B-877E-173298A0223B}"
EndProject
Project("{FAE04EC0-301F-11D3-BF4B-00C04F79EFBC}") = "Cashicart.Application", "Cashicart.Application\Cashicart.Application.csproj", "{8D4F22C6-99CD-491C-BEF7-5E46615F587A}"
EndProject
Project("{FAE04EC0-301F-11D3-BF4B-00C04F79EFBC}") = "Cashicart.Common", "Cashicart.Common\Cashicart.Common.csproj", "{3D4CC170-698A-4D49-9F93-F1B55DCA3E7A}"
EndProject
Project("{FAE04EC0-301F-11D3-BF4B-00C04F79EFBC}") = "Cashicart.Domain", "Cashicart.Domain\Cashicart.Domain.csproj", "{72444EC3-BA34-412A-9E45-98D78A3051F5}"
EndProject
Project("{FAE04EC0-301F-11D3-BF4B-00C04F79EFBC}") = "Cashicart.Infrastructure", "Cashicart.Infrastructure\Cashicart.Infrastructure.csproj", "{9CC53877-2F55-49ED-AA91-C9DA1F09C0A0}"
EndProject
Project("{FAE04EC0-301F-11D3-BF4B-00C04F79EFBC}") = "Cashicart.API.Tests", "Cashicart.API.Tests\Cashicart.API.Tests.csproj", "{A05D0A34-8C70-4C99-98D2-B8CD5949D1D2}"
EndProject
Project("{FAE04EC0-301F-11D3-BF4B-00C04F79EFBC}") = "Cashicart.Application.Tests", "Cashicart.Application.Tests\Cashicart.Application.Tests.csproj", "{6DC75C5F-4313-4F8D-8E92-E4FBB73C0492}"
EndProject
Project("{FAE04EC0-301F-11D3-BF4B-00C04F79EFBC}") = "Cashicart.Infrastructure.Tests", "Cashicart.Infrastructure.Tests\Cashicart.Infrastructure.Tests.csproj", "{3669B1B9-38FD-4DAE-848E-5F04A2213576}"
EndProject
Global
	GlobalSection(SolutionConfigurationPlatforms) = preSolution
		Debug|Any CPU = Debug|Any CPU
		Release|Any CPU = Release|Any CPU
	EndGlobalSection
	GlobalSection(ProjectConfigurationPlatforms) = postSolution
		{AEE923DE-6C87-438B-877E-173298A0223B}.Debug|Any CPU.ActiveCfg = Debug|Any CPU
		{AEE923DE-6C87-438B-877E-173298A0223B}.Debug|Any CPU.Build.0 = Debug|Any CPU
		{AEE923DE-6C87-438B-877E-173298A0223B}.Release|Any CPU.ActiveCfg = Release|Any CPU
		{AEE923DE-6C87-438B-877E-173298A0223B}.Release|Any CPU.Build.0 = Release|Any CPU
		{8D4F22C6-99CD-491C-BEF7-5E46615F587A}.Debug|Any CPU.ActiveCfg = Debug|Any CPU
		{8D4F22C6-99CD-491C-BEF7-5E46615F587A}.Debug|Any CPU.Build.0 = Debug|Any CPU
		{8D4F22C6-99CD-491C-BEF7-5E46615F587A}.Release|Any CPU.ActiveCfg = Release|Any CPU
		{8D4F22C6-99CD-491C-BEF7-5E46615F587A}.Release|Any CPU.Build.0 = Release|Any CPU
		{3D4CC170-698A-4D49-9F93-F1B55DCA3E7A}.Debug|Any CPU.ActiveCfg = Debug|Any CPU
		{3D4CC170-698A-4D49-9F93-F1B55DCA3E7A}.Debug|Any CPU.Build.0 = Debug|Any CPU
		{3D4CC170-698A-4D49-9F93-F1B55DCA3E7A}.Release|Any CPU.ActiveCfg = Release|Any CPU
		{3D4CC170-698A-4D49-9F93-F1B55DCA3E7A}.Release|Any CPU.Build.0 = Release|Any CPU
		{72444EC3-BA34-412A-9E45-98D78A3051F5}.Debug|Any CPU.ActiveCfg = Debug|Any CPU
		{72444EC3-BA34-412A-9E45-98D78A3051F5}.Debug|Any CPU.Build.0 = Debug|Any CPU
		{72444EC3-BA34-412A-9E45-98D78A3051F5}.Release|Any CPU.ActiveCfg = Release|Any CPU
		{72444EC3-BA34-412A-9E45-98D78A3051F5}.Release|Any CPU.Build.0 = Release|Any CPU
		{9CC53877-2F55-49ED-AA91-C9DA1F09C0A0}.Debug|Any CPU.ActiveCfg = Debug|Any CPU
		{9CC53877-2F55-49ED-AA91-C9DA1F09C0A0}.Debug|Any CPU.Build.0 = Debug|Any CPU
		{9CC53877-2F55-49ED-AA91-C9DA1F09C0A0}.Release|Any CPU.ActiveCfg = Release|Any CPU
		{9CC53877-2F55-49ED-AA91-C9DA1F09C0A0}.Release|Any CPU.Build.0 = Release|Any CPU
		{A05D0A34-8C70-4C99-98D2-B8CD5949D1D2}.Debug|Any CPU.ActiveCfg = Debug|Any CPU
		{A05D0A34-8C70-4C99-98D2-B8CD5949D1D2}.Debug|Any CPU.Build.0 = Debug|Any CPU
		{A05D0A34-8C70-4C99-98D2-B8CD5949D1D2}.Release|Any CPU.ActiveCfg = Release|Any CPU
		{A05D0A34-8C70-4C99-98D2-B8CD5949D1D2}.Release|Any CPU.Build.0 = Release|Any CPU
		{6DC75C5F-4313-4F8D-8E92-E4FBB73C0492}.Debug|Any CPU.ActiveCfg = Debug|Any CPU
		{6DC75C5F-4313-4F8D-8E92-E4FBB73C0492}.Debug|Any CPU.Build.0 = Debug|Any CPU
		{6DC75C5F-4313-4F8D-8E92-E4FBB73C0492}.Release|Any CPU.ActiveCfg = Release|Any CPU
		{6DC75C5F-4313-4F8D-8E92-E4FBB73C0492}.Release|Any CPU.Build.0 = Release|Any CPU
		{3669B1B9-38FD-4DAE-848E-5F04A2213576}.Debug|Any CPU.ActiveCfg = Debug|Any CPU
		{3669B1B9-38FD-4DAE-848E-5F04A2213576}.Debug|Any CPU.Build.0 = Debug|Any CPU
		{3669B1B9-38FD-4DAE-848E-5F04A2213576}.Release|Any CPU.ActiveCfg = Release|Any CPU
		{3669B1B9-38FD-4DAE-848E-5F04A2213576}.Release|Any CPU.Build.0 = Release|Any CPU
	EndGlobalSection
	GlobalSection(SolutionProperties) = preSolution
		HideSolutionNode = FALSE
	EndGlobalSection
EndGlobal
